
Microsoft Visual Studio Solution File, Format Version 12.00
# Visual Studio Version 16
VisualStudioVersion = 16.0.29409.12
MinimumVisualStudioVersion = 10.0.40219.1
Project("{FAE04EC0-301F-11D3-BF4B-00C04F79EFBC}") = "Voicify.Sdk.Webhooks", "Voicify.Sdk.Webhooks\Voicify.Sdk.Webhooks.csproj", "{977E0865-3928-42F6-9D45-BED6A2301A85}"
EndProject
Project("{FAE04EC0-301F-11D3-BF4B-00C04F79EFBC}") = "Voicify.Sdk.Webhooks.Tests", "Voicify.Sdk.Webhooks.Tests\Voicify.Sdk.Webhooks.Tests.csproj", "{89E680E9-1E49-4E1D-8A97-CC782CEC64F4}"
EndProject
Global
	GlobalSection(SolutionConfigurationPlatforms) = preSolution
		Debug|Any CPU = Debug|Any CPU
		Release|Any CPU = Release|Any CPU
	EndGlobalSection
	GlobalSection(ProjectConfigurationPlatforms) = postSolution
		{977E0865-3928-42F6-9D45-BED6A2301A85}.Debug|Any CPU.ActiveCfg = Debug|Any CPU
		{977E0865-3928-42F6-9D45-BED6A2301A85}.Debug|Any CPU.Build.0 = Debug|Any CPU
		{977E0865-3928-42F6-9D45-BED6A2301A85}.Release|Any CPU.ActiveCfg = Release|Any CPU
		{977E0865-3928-42F6-9D45-BED6A2301A85}.Release|Any CPU.Build.0 = Release|Any CPU
		{89E680E9-1E49-4E1D-8A97-CC782CEC64F4}.Debug|Any CPU.ActiveCfg = Debug|Any CPU
		{89E680E9-1E49-4E1D-8A97-CC782CEC64F4}.Debug|Any CPU.Build.0 = Debug|Any CPU
		{89E680E9-1E49-4E1D-8A97-CC782CEC64F4}.Release|Any CPU.ActiveCfg = Release|Any CPU
		{89E680E9-1E49-4E1D-8A97-CC782CEC64F4}.Release|Any CPU.Build.0 = Release|Any CPU
	EndGlobalSection
	GlobalSection(SolutionProperties) = preSolution
		HideSolutionNode = FALSE
	EndGlobalSection
	GlobalSection(ExtensibilityGlobals) = postSolution
		SolutionGuid = {9531F7BF-CA0D-4913-A0D1-26F4FC945A47}
	EndGlobalSection
EndGlobal
